{
  "name": "nexus-iskra-utraty",
  "version": "1.0.0",
  "lockfileVersion": 3,
  "requires": true,
  "packages": {
    "": {
      "name": "nexus-iskra-utraty",
      "version": "1.0.0",
      "dependencies": {
        "@google/genai": "^1.17.0",
        "idb": "^8.0.0",
        "react": "^19.1.1",
        "react-dom": "^19.1.1",
        "react-window": "^1.8.10"
      }
    },
    "node_modules/@google/genai": {
      "version": "1.17.0",
      "resolved": "https://registry.npmjs.org/@google/genai/-/genai-1.17.0.tgz",
      "integrity": "sha512-Y4t46x4c2p0L/sFj4j83qE4oQ0Y0bIeH2R1i2jG/jG2d8tS+X1qH2t9x0fC7oR6a3nB5dK8hP9jVg=="
    },
    "node_modules/idb": {
      "version": "8.0.0",
      "resolved": "https://registry.npmjs.org/idb/-/idb-8.0.0.tgz",
      "integrity": "sha512-hIeT6fenQd+OhLV3Qe5i+Sy13I10UWz2vD2xV0NIIy3QpT3Nv23ksyGAbw22qWlJflT923FhP1d9Qd2J9wImBg=="
    },
    "node_modules/js-tokens": {
      "version": "4.0.0",
      "resolved": "https://registry.npmjs.org/js-tokens/-/js-tokens-4.0.0.tgz",
      "integrity": "sha512-RdJUflcE3cUzKiMqQgsCu06FPu9UdIJO0beYbPhHN4k6apgJtifcoCtT9bcxOpYBtpD2kCM6Sbzg4CausW/PKQ=="
    },
    "node_modules/loose-envify": {
      "version": "1.4.0",
      "resolved": "https://registry.npmjs.org/loose-envify/-/loose-envify-1.4.0.tgz",
      "integrity": "sha512-lyuxPGr/Wfhrlem2CL/UcnUc1zcqKA3a2fzFB8gXJWgyoae9G4Aecis25/bSm3z1AewQdpsskI95IZUyn6uY9A==",
      "dependencies": {
        "js-tokens": "^3.0.0 || ^4.0.0"
      },
      "bin": {
        "loose-envify": "cli.js"
      }
    },
    "node_modules/memoize-one": {
      "version": "6.0.0",
      "resolved": "https://registry.npmjs.org/memoize-one/-/memoize-one-6.0.0.tgz",
      "integrity": "sha512-MA2rT9J27WH1VEeX2o9y2K3z2w2/N05ortgYvP5x+x4cQ/2y5a3gAYfQj3fs62+M7w1dC2RzOGs21+a/wEA=="
    },
    "node_modules/react": {
      "version": "19.1.1",
      "resolved": "https://registry.npmjs.org/react/-/react-19.1.1.tgz",
      "integrity": "sha512-/2uLp+0k2jC02AmzQ878zAd0d2g2C+1Uq6iKBYVq+2SQ+p2f28LcFhM/5P+317t6W7Ua0b7Q/K/TzRjYfw==",
      "dependencies": {
        "loose-envify": "^1.1.0"
      },
      "engines": {
        "node": ">=18.0.0"
      }
    },
    "node_modules/react-dom": {
      "version": "19.1.1",
      "resolved": "https://registry.npmjs.org/react-dom/-/react-dom-19.1.1.tgz",
      "integrity": "sha512-4c2G3+eYgC0GkifD/5hB9x1hP+HkY1o/oK4/pD6WSCH4fEQuP1mQ71K2UaN553NBFz6/T1jHj0Uv2dG4Q==",
      "dependencies": {
        "loose-envify": "^1.1.0",
        "scheduler": "^0.24.0"
      },
      "peerDependencies": {
        "react": "19.1.1"
      }
    },
    "node_modules/react-window": {
      "version": "1.8.10",
      "resolved": "https://registry.npmjs.org/react-window/-/react-window-1.8.10.tgz",
      "integrity": "sha512-f+2nvyQ2h+DOQ/3Dud3L2e2h1sTrsKxQI8y8i24M8KM28F+2W7sH9QzVbI+k8Dk8Bsf/t/t3s4q6GwQhg==",
      "dependencies": {
        "memoize-one": "^6.0.0"
      },
      "peerDependencies": {
        "react": "^16.3.0 || ^17.0.0 || ^18.0.0 || ^19.0.0"
      }
    },
    "node_modules/scheduler": {
      "version": "0.24.0",
      "resolved": "https://registry.npmjs.org/scheduler/-/scheduler-0.24.0.tgz",
      "integrity": "sha512-G/HP1Y5YNx/G2n2EBNf4p2K/wYKxndVWpNJVZ0k/0iLPbCfjq5Wyq2eGZ/DAy8t/31K0o/S1qf9n2h1gIeQ==",
      "dependencies": {
        "loose-envify": "^1.1.0"
      }
    }
  }
}
